// !$*UTF8*$!
{
	archiveVersion = 1;
	classes = {
	};
	objectVersion = 46;
	objects = {

/* Begin PBXBuildFile section */
		0CAA0E731B8D250D00271354 /* MKMapView+ZoomLevel.h in Headers */ = {isa = PBXBuildFile; fileRef = 0CAA0E711B8D250D00271354 /* MKMapView+ZoomLevel.h */; settings = {ATTRIBUTES = (Public, ); }; };
		0CAA0E741B8D250D00271354 /* MKMapView+ZoomLevel.m in Sources */ = {isa = PBXBuildFile; fileRef = 0CAA0E721B8D250D00271354 /* MKMapView+ZoomLevel.m */; };
		3205E28E1B7DCBBB000E14FA /* EthanolUIExtensions.h in Headers */ = {isa = PBXBuildFile; fileRef = 3205E28D1B7DCBBB000E14FA /* EthanolUIExtensions.h */; settings = {ATTRIBUTES = (Public, ); }; };
		3205E2951B7DCBBB000E14FA /* EthanolUIExtensions.framework in Frameworks */ = {isa = PBXBuildFile; fileRef = 3205E28A1B7DCBBB000E14FA /* EthanolUIExtensions.framework */; };
		3205E29A1B7DCBBB000E14FA /* EthanolUIExtensionsTests.swift in Sources */ = {isa = PBXBuildFile; fileRef = 3205E2991B7DCBBB000E14FA /* EthanolUIExtensionsTests.swift */; };
		32C26FFB1B81DEBA00A154CF /* NSObject+KeyboardHandlerExtension.swift in Sources */ = {isa = PBXBuildFile; fileRef = 32C26FFA1B81DEBA00A154CF /* NSObject+KeyboardHandlerExtension.swift */; };
		32C26FFD1B81E24100A154CF /* UIScrollView+KeyboardHandlerExtension.swift in Sources */ = {isa = PBXBuildFile; fileRef = 32C26FFC1B81E24100A154CF /* UIScrollView+KeyboardHandlerExtension.swift */; };
		655A9E351B81FAEB00C1AAB3 /* UIViewController+EthanolExtension.swift in Sources */ = {isa = PBXBuildFile; fileRef = 655A9E341B81FAEB00C1AAB3 /* UIViewController+EthanolExtension.swift */; };
		655AB0111B83459C0076311E /* UINavigationController+EthanolExtension.swift in Sources */ = {isa = PBXBuildFile; fileRef = 655AB0101B83459C0076311E /* UINavigationController+EthanolExtension.swift */; };
		65A34AE21B81E2E600034E8F /* UINavigationItem+EthanolExtension.swift in Sources */ = {isa = PBXBuildFile; fileRef = 65A34AE11B81E2E600034E8F /* UINavigationItem+EthanolExtension.swift */; };
		F4C275531B83B3D700838B17 /* CocoaLumberjack.framework in Frameworks */ = {isa = PBXBuildFile; fileRef = F4C275511B83B3D700838B17 /* CocoaLumberjack.framework */; };
		F4C275541B83B3D700838B17 /* EthanolTools.framework in Frameworks */ = {isa = PBXBuildFile; fileRef = F4C275521B83B3D700838B17 /* EthanolTools.framework */; };
		F4C3849B1B7E6DB200F2B30A /* EthanolUtilities.framework in Frameworks */ = {isa = PBXBuildFile; fileRef = F4C384981B7E6DA300F2B30A /* EthanolUtilities.framework */; };
/* End PBXBuildFile section */

/* Begin PBXContainerItemProxy section */
		3205E2961B7DCBBB000E14FA /* PBXContainerItemProxy */ = {
			isa = PBXContainerItemProxy;
			containerPortal = 3205E2811B7DCBBB000E14FA /* Project object */;
			proxyType = 1;
			remoteGlobalIDString = 3205E2891B7DCBBB000E14FA;
			remoteInfo = EthanolUIExtensions;
		};
/* End PBXContainerItemProxy section */

/* Begin PBXFileReference section */
		0CAA0E711B8D250D00271354 /* MKMapView+ZoomLevel.h */ = {isa = PBXFileReference; fileEncoding = 4; indentWidth = 2; lastKnownFileType = sourcecode.c.h; path = "MKMapView+ZoomLevel.h"; sourceTree = "<group>"; tabWidth = 2; usesTabs = 0; };
		0CAA0E721B8D250D00271354 /* MKMapView+ZoomLevel.m */ = {isa = PBXFileReference; fileEncoding = 4; indentWidth = 2; lastKnownFileType = sourcecode.c.objc; path = "MKMapView+ZoomLevel.m"; sourceTree = "<group>"; tabWidth = 2; usesTabs = 0; };
		3205E28A1B7DCBBB000E14FA /* EthanolUIExtensions.framework */ = {isa = PBXFileReference; explicitFileType = wrapper.framework; includeInIndex = 0; path = EthanolUIExtensions.framework; sourceTree = BUILT_PRODUCTS_DIR; };
		3205E28D1B7DCBBB000E14FA /* EthanolUIExtensions.h */ = {isa = PBXFileReference; lastKnownFileType = sourcecode.c.h; path = EthanolUIExtensions.h; sourceTree = "<group>"; };
		3205E28F1B7DCBBB000E14FA /* Info.plist */ = {isa = PBXFileReference; lastKnownFileType = text.plist.xml; path = Info.plist; sourceTree = "<group>"; };
		3205E2941B7DCBBB000E14FA /* EthanolUIExtensionsTests.xctest */ = {isa = PBXFileReference; explicitFileType = wrapper.cfbundle; includeInIndex = 0; path = EthanolUIExtensionsTests.xctest; sourceTree = BUILT_PRODUCTS_DIR; };
		3205E2991B7DCBBB000E14FA /* EthanolUIExtensionsTests.swift */ = {isa = PBXFileReference; lastKnownFileType = sourcecode.swift; path = EthanolUIExtensionsTests.swift; sourceTree = "<group>"; };
		3205E29B1B7DCBBB000E14FA /* Info.plist */ = {isa = PBXFileReference; lastKnownFileType = text.plist.xml; path = Info.plist; sourceTree = "<group>"; };
		32C26FFA1B81DEBA00A154CF /* NSObject+KeyboardHandlerExtension.swift */ = {isa = PBXFileReference; fileEncoding = 4; lastKnownFileType = sourcecode.swift; name = "NSObject+KeyboardHandlerExtension.swift"; path = "KeyboardHandler/NSObject+KeyboardHandlerExtension.swift"; sourceTree = "<group>"; };
		32C26FFC1B81E24100A154CF /* UIScrollView+KeyboardHandlerExtension.swift */ = {isa = PBXFileReference; fileEncoding = 4; lastKnownFileType = sourcecode.swift; name = "UIScrollView+KeyboardHandlerExtension.swift"; path = "KeyboardHandler/UIScrollView+KeyboardHandlerExtension.swift"; sourceTree = "<group>"; };
		655A9E341B81FAEB00C1AAB3 /* UIViewController+EthanolExtension.swift */ = {isa = PBXFileReference; fileEncoding = 4; lastKnownFileType = sourcecode.swift; path = "UIViewController+EthanolExtension.swift"; sourceTree = "<group>"; };
		655AB0101B83459C0076311E /* UINavigationController+EthanolExtension.swift */ = {isa = PBXFileReference; fileEncoding = 4; lastKnownFileType = sourcecode.swift; path = "UINavigationController+EthanolExtension.swift"; sourceTree = "<group>"; };
		65A34AE11B81E2E600034E8F /* UINavigationItem+EthanolExtension.swift */ = {isa = PBXFileReference; fileEncoding = 4; lastKnownFileType = sourcecode.swift; name = "UINavigationItem+EthanolExtension.swift"; path = "NavigationItemExtension/UINavigationItem+EthanolExtension.swift"; sourceTree = "<group>"; };
		F4C275511B83B3D700838B17 /* CocoaLumberjack.framework */ = {isa = PBXFileReference; lastKnownFileType = wrapper.framework; path = CocoaLumberjack.framework; sourceTree = BUILT_PRODUCTS_DIR; };
		F4C275521B83B3D700838B17 /* EthanolTools.framework */ = {isa = PBXFileReference; lastKnownFileType = wrapper.framework; path = EthanolTools.framework; sourceTree = BUILT_PRODUCTS_DIR; };
		F4C384981B7E6DA300F2B30A /* EthanolUtilities.framework */ = {isa = PBXFileReference; lastKnownFileType = wrapper.framework; path = EthanolUtilities.framework; sourceTree = BUILT_PRODUCTS_DIR; };
/* End PBXFileReference section */

/* Begin PBXFrameworksBuildPhase section */
		3205E2861B7DCBBB000E14FA /* Frameworks */ = {
			isa = PBXFrameworksBuildPhase;
			buildActionMask = 2147483647;
			files = (
				F4C275531B83B3D700838B17 /* CocoaLumberjack.framework in Frameworks */,
				F4C275541B83B3D700838B17 /* EthanolTools.framework in Frameworks */,
				F4C3849B1B7E6DB200F2B30A /* EthanolUtilities.framework in Frameworks */,
			);
			runOnlyForDeploymentPostprocessing = 0;
		};
		3205E2911B7DCBBB000E14FA /* Frameworks */ = {
			isa = PBXFrameworksBuildPhase;
			buildActionMask = 2147483647;
			files = (
				3205E2951B7DCBBB000E14FA /* EthanolUIExtensions.framework in Frameworks */,
			);
			runOnlyForDeploymentPostprocessing = 0;
		};
/* End PBXFrameworksBuildPhase section */

/* Begin PBXGroup section */
		0C256E2F1B8D249B00A0CA2E /* MKMapViewCategory */ = {
			isa = PBXGroup;
			children = (
				0CAA0E711B8D250D00271354 /* MKMapView+ZoomLevel.h */,
				0CAA0E721B8D250D00271354 /* MKMapView+ZoomLevel.m */,
			);
			name = MKMapViewCategory;
			sourceTree = "<group>";
		};
		3205E2801B7DCBBB000E14FA = {
			isa = PBXGroup;
			children = (
				3205E28C1B7DCBBB000E14FA /* EthanolUIExtensions */,
				3205E2981B7DCBBB000E14FA /* EthanolUIExtensionsTests */,
				F4C3849A1B7E6DA700F2B30A /* Dependencies */,
				3205E28B1B7DCBBB000E14FA /* Products */,
			);
			sourceTree = "<group>";
		};
		3205E28B1B7DCBBB000E14FA /* Products */ = {
			isa = PBXGroup;
			children = (
				3205E28A1B7DCBBB000E14FA /* EthanolUIExtensions.framework */,
				3205E2941B7DCBBB000E14FA /* EthanolUIExtensionsTests.xctest */,
			);
			name = Products;
			sourceTree = "<group>";
		};
		3205E28C1B7DCBBB000E14FA /* EthanolUIExtensions */ = {
			isa = PBXGroup;
			children = (
				3205E28D1B7DCBBB000E14FA /* EthanolUIExtensions.h */,
				0C256E2F1B8D249B00A0CA2E /* MKMapViewCategory */,
				65A34AD21B81D78A00034E8F /* NavigationItemExtension */,
				655A9E331B81FAEB00C1AAB3 /* UIViewControllerExtension */,
				655AB00F1B83459C0076311E /* UINavigationTransitionHelper */,
				3205E2A61B7DCC3F000E14FA /* KeyboardHandler */,
				3205E28F1B7DCBBB000E14FA /* Info.plist */,
			);
			path = EthanolUIExtensions;
			sourceTree = "<group>";
		};
		3205E2981B7DCBBB000E14FA /* EthanolUIExtensionsTests */ = {
			isa = PBXGroup;
			children = (
				3205E2991B7DCBBB000E14FA /* EthanolUIExtensionsTests.swift */,
				3205E29B1B7DCBBB000E14FA /* Info.plist */,
			);
			path = EthanolUIExtensionsTests;
			sourceTree = "<group>";
		};
		3205E2A61B7DCC3F000E14FA /* KeyboardHandler */ = {
			isa = PBXGroup;
			children = (
				32C26FFA1B81DEBA00A154CF /* NSObject+KeyboardHandlerExtension.swift */,
				32C26FFC1B81E24100A154CF /* UIScrollView+KeyboardHandlerExtension.swift */,
			);
			name = KeyboardHandler;
			sourceTree = "<group>";
		};
		655A9E331B81FAEB00C1AAB3 /* UIViewControllerExtension */ = {
			isa = PBXGroup;
			children = (
				655A9E341B81FAEB00C1AAB3 /* UIViewController+EthanolExtension.swift */,
			);
			path = UIViewControllerExtension;
			sourceTree = "<group>";
		};
		655AB00F1B83459C0076311E /* UINavigationTransitionHelper */ = {
			isa = PBXGroup;
			children = (
				655AB0101B83459C0076311E /* UINavigationController+EthanolExtension.swift */,
			);
			path = UINavigationTransitionHelper;
			sourceTree = "<group>";
		};
		65A34AD21B81D78A00034E8F /* NavigationItemExtension */ = {
			isa = PBXGroup;
			children = (
				65A34AE11B81E2E600034E8F /* UINavigationItem+EthanolExtension.swift */,
			);
			name = NavigationItemExtension;
			sourceTree = "<group>";
		};
		F4C3849A1B7E6DA700F2B30A /* Dependencies */ = {
			isa = PBXGroup;
			children = (
				F4C275511B83B3D700838B17 /* CocoaLumberjack.framework */,
				F4C275521B83B3D700838B17 /* EthanolTools.framework */,
				F4C384981B7E6DA300F2B30A /* EthanolUtilities.framework */,
			);
			name = Dependencies;
			sourceTree = "<group>";
		};
/* End PBXGroup section */

/* Begin PBXHeadersBuildPhase section */
		3205E2871B7DCBBB000E14FA /* Headers */ = {
			isa = PBXHeadersBuildPhase;
			buildActionMask = 2147483647;
			files = (
				0CAA0E731B8D250D00271354 /* MKMapView+ZoomLevel.h in Headers */,
				3205E28E1B7DCBBB000E14FA /* EthanolUIExtensions.h in Headers */,
			);
			runOnlyForDeploymentPostprocessing = 0;
		};
/* End PBXHeadersBuildPhase section */

/* Begin PBXNativeTarget section */
		3205E2891B7DCBBB000E14FA /* EthanolUIExtensions */ = {
			isa = PBXNativeTarget;
			buildConfigurationList = 3205E29E1B7DCBBB000E14FA /* Build configuration list for PBXNativeTarget "EthanolUIExtensions" */;
			buildPhases = (
				3205E2851B7DCBBB000E14FA /* Sources */,
				3205E2861B7DCBBB000E14FA /* Frameworks */,
				3205E2871B7DCBBB000E14FA /* Headers */,
				3205E2881B7DCBBB000E14FA /* Resources */,
			);
			buildRules = (
			);
			dependencies = (
			);
			name = EthanolUIExtensions;
			productName = EthanolUIExtensions;
			productReference = 3205E28A1B7DCBBB000E14FA /* EthanolUIExtensions.framework */;
			productType = "com.apple.product-type.framework";
		};
		3205E2931B7DCBBB000E14FA /* EthanolUIExtensionsTests */ = {
			isa = PBXNativeTarget;
			buildConfigurationList = 3205E2A11B7DCBBB000E14FA /* Build configuration list for PBXNativeTarget "EthanolUIExtensionsTests" */;
			buildPhases = (
				3205E2901B7DCBBB000E14FA /* Sources */,
				3205E2911B7DCBBB000E14FA /* Frameworks */,
				3205E2921B7DCBBB000E14FA /* Resources */,
			);
			buildRules = (
			);
			dependencies = (
				3205E2971B7DCBBB000E14FA /* PBXTargetDependency */,
			);
			name = EthanolUIExtensionsTests;
			productName = EthanolUIExtensionsTests;
			productReference = 3205E2941B7DCBBB000E14FA /* EthanolUIExtensionsTests.xctest */;
			productType = "com.apple.product-type.bundle.unit-test";
		};
/* End PBXNativeTarget section */

/* Begin PBXProject section */
		3205E2811B7DCBBB000E14FA /* Project object */ = {
			isa = PBXProject;
			attributes = {
				CLASSPREFIX = ETH;
				LastSwiftUpdateCheck = 0700;
				LastUpgradeCheck = 0800;
				ORGANIZATIONNAME = Fueled;
				TargetAttributes = {
					3205E2891B7DCBBB000E14FA = {
						CreatedOnToolsVersion = 7.0;
						LastSwiftMigration = 0800;
					};
					3205E2931B7DCBBB000E14FA = {
						CreatedOnToolsVersion = 7.0;
						LastSwiftMigration = 0800;
					};
				};
			};
			buildConfigurationList = 3205E2841B7DCBBB000E14FA /* Build configuration list for PBXProject "EthanolUIExtensions" */;
			compatibilityVersion = "Xcode 3.2";
			developmentRegion = English;
			hasScannedForEncodings = 0;
			knownRegions = (
				en,
			);
			mainGroup = 3205E2801B7DCBBB000E14FA;
			productRefGroup = 3205E28B1B7DCBBB000E14FA /* Products */;
			projectDirPath = "";
			projectRoot = "";
			targets = (
				3205E2891B7DCBBB000E14FA /* EthanolUIExtensions */,
				3205E2931B7DCBBB000E14FA /* EthanolUIExtensionsTests */,
			);
		};
/* End PBXProject section */

/* Begin PBXResourcesBuildPhase section */
		3205E2881B7DCBBB000E14FA /* Resources */ = {
			isa = PBXResourcesBuildPhase;
			buildActionMask = 2147483647;
			files = (
			);
			runOnlyForDeploymentPostprocessing = 0;
		};
		3205E2921B7DCBBB000E14FA /* Resources */ = {
			isa = PBXResourcesBuildPhase;
			buildActionMask = 2147483647;
			files = (
			);
			runOnlyForDeploymentPostprocessing = 0;
		};
/* End PBXResourcesBuildPhase section */

/* Begin PBXSourcesBuildPhase section */
		3205E2851B7DCBBB000E14FA /* Sources */ = {
			isa = PBXSourcesBuildPhase;
			buildActionMask = 2147483647;
			files = (
				0CAA0E741B8D250D00271354 /* MKMapView+ZoomLevel.m in Sources */,
				655A9E351B81FAEB00C1AAB3 /* UIViewController+EthanolExtension.swift in Sources */,
				65A34AE21B81E2E600034E8F /* UINavigationItem+EthanolExtension.swift in Sources */,
				32C26FFB1B81DEBA00A154CF /* NSObject+KeyboardHandlerExtension.swift in Sources */,
				32C26FFD1B81E24100A154CF /* UIScrollView+KeyboardHandlerExtension.swift in Sources */,
				655AB0111B83459C0076311E /* UINavigationController+EthanolExtension.swift in Sources */,
			);
			runOnlyForDeploymentPostprocessing = 0;
		};
		3205E2901B7DCBBB000E14FA /* Sources */ = {
			isa = PBXSourcesBuildPhase;
			buildActionMask = 2147483647;
			files = (
				3205E29A1B7DCBBB000E14FA /* EthanolUIExtensionsTests.swift in Sources */,
			);
			runOnlyForDeploymentPostprocessing = 0;
		};
/* End PBXSourcesBuildPhase section */

/* Begin PBXTargetDependency section */
		3205E2971B7DCBBB000E14FA /* PBXTargetDependency */ = {
			isa = PBXTargetDependency;
			target = 3205E2891B7DCBBB000E14FA /* EthanolUIExtensions */;
			targetProxy = 3205E2961B7DCBBB000E14FA /* PBXContainerItemProxy */;
		};
/* End PBXTargetDependency section */

/* Begin XCBuildConfiguration section */
		3205E29C1B7DCBBB000E14FA /* Debug */ = {
			isa = XCBuildConfiguration;
			buildSettings = {
				ALWAYS_SEARCH_USER_PATHS = NO;
				CLANG_CXX_LANGUAGE_STANDARD = "gnu++0x";
				CLANG_CXX_LIBRARY = "libc++";
				CLANG_ENABLE_MODULES = YES;
				CLANG_ENABLE_OBJC_ARC = YES;
				CLANG_WARN_BOOL_CONVERSION = YES;
				CLANG_WARN_CONSTANT_CONVERSION = YES;
				CLANG_WARN_DIRECT_OBJC_ISA_USAGE = YES_ERROR;
				CLANG_WARN_EMPTY_BODY = YES;
				CLANG_WARN_ENUM_CONVERSION = YES;
				CLANG_WARN_INFINITE_RECURSION = YES;
				CLANG_WARN_INT_CONVERSION = YES;
				CLANG_WARN_OBJC_ROOT_CLASS = YES_ERROR;
				CLANG_WARN_SUSPICIOUS_MOVE = YES;
				CLANG_WARN_UNREACHABLE_CODE = YES;
				CLANG_WARN__DUPLICATE_METHOD_MATCH = YES;
				"CODE_SIGN_IDENTITY[sdk=iphoneos*]" = "iPhone Developer";
				COPY_PHASE_STRIP = NO;
				CURRENT_PROJECT_VERSION = 1;
				DEBUG_INFORMATION_FORMAT = dwarf;
				ENABLE_STRICT_OBJC_MSGSEND = YES;
				ENABLE_TESTABILITY = YES;
				GCC_C_LANGUAGE_STANDARD = gnu99;
				GCC_DYNAMIC_NO_PIC = NO;
				GCC_NO_COMMON_BLOCKS = YES;
				GCC_OPTIMIZATION_LEVEL = 0;
				GCC_PREPROCESSOR_DEFINITIONS = (
					"DEBUG=1",
					"$(inherited)",
				);
				GCC_WARN_64_TO_32_BIT_CONVERSION = YES;
				GCC_WARN_ABOUT_RETURN_TYPE = YES_ERROR;
				GCC_WARN_UNDECLARED_SELECTOR = YES;
				GCC_WARN_UNINITIALIZED_AUTOS = YES_AGGRESSIVE;
				GCC_WARN_UNUSED_FUNCTION = YES;
				GCC_WARN_UNUSED_VARIABLE = YES;
				IPHONEOS_DEPLOYMENT_TARGET = 8.0;
				MTL_ENABLE_DEBUG_INFO = YES;
				ONLY_ACTIVE_ARCH = YES;
				SDKROOT = iphoneos;
				SWIFT_OPTIMIZATION_LEVEL = "-Onone";
				TARGETED_DEVICE_FAMILY = "1,2";
				VERSIONING_SYSTEM = "apple-generic";
				VERSION_INFO_PREFIX = "";
			};
			name = Debug;
		};
		3205E29D1B7DCBBB000E14FA /* Release */ = {
			isa = XCBuildConfiguration;
			buildSettings = {
				ALWAYS_SEARCH_USER_PATHS = NO;
				CLANG_CXX_LANGUAGE_STANDARD = "gnu++0x";
				CLANG_CXX_LIBRARY = "libc++";
				CLANG_ENABLE_MODULES = YES;
				CLANG_ENABLE_OBJC_ARC = YES;
				CLANG_WARN_BOOL_CONVERSION = YES;
				CLANG_WARN_CONSTANT_CONVERSION = YES;
				CLANG_WARN_DIRECT_OBJC_ISA_USAGE = YES_ERROR;
				CLANG_WARN_EMPTY_BODY = YES;
				CLANG_WARN_ENUM_CONVERSION = YES;
				CLANG_WARN_INFINITE_RECURSION = YES;
				CLANG_WARN_INT_CONVERSION = YES;
				CLANG_WARN_OBJC_ROOT_CLASS = YES_ERROR;
				CLANG_WARN_SUSPICIOUS_MOVE = YES;
				CLANG_WARN_UNREACHABLE_CODE = YES;
				CLANG_WARN__DUPLICATE_METHOD_MATCH = YES;
				"CODE_SIGN_IDENTITY[sdk=iphoneos*]" = "iPhone Developer";
				COPY_PHASE_STRIP = NO;
				CURRENT_PROJECT_VERSION = 1;
				DEBUG_INFORMATION_FORMAT = "dwarf-with-dsym";
				ENABLE_NS_ASSERTIONS = NO;
				ENABLE_STRICT_OBJC_MSGSEND = YES;
				GCC_C_LANGUAGE_STANDARD = gnu99;
				GCC_NO_COMMON_BLOCKS = YES;
				GCC_WARN_64_TO_32_BIT_CONVERSION = YES;
				GCC_WARN_ABOUT_RETURN_TYPE = YES_ERROR;
				GCC_WARN_UNDECLARED_SELECTOR = YES;
				GCC_WARN_UNINITIALIZED_AUTOS = YES_AGGRESSIVE;
				GCC_WARN_UNUSED_FUNCTION = YES;
				GCC_WARN_UNUSED_VARIABLE = YES;
				IPHONEOS_DEPLOYMENT_TARGET = 8.0;
				MTL_ENABLE_DEBUG_INFO = NO;
				SDKROOT = iphoneos;
				SWIFT_OPTIMIZATION_LEVEL = "-Owholemodule";
				TARGETED_DEVICE_FAMILY = "1,2";
				VALIDATE_PRODUCT = YES;
				VERSIONING_SYSTEM = "apple-generic";
				VERSION_INFO_PREFIX = "";
			};
			name = Release;
		};
		3205E29F1B7DCBBB000E14FA /* Debug */ = {
			isa = XCBuildConfiguration;
			buildSettings = {
				CLANG_ENABLE_MODULES = YES;
				"CODE_SIGN_IDENTITY[sdk=iphoneos*]" = "";
				DEFINES_MODULE = YES;
				DEVELOPMENT_TEAM = "";
				DYLIB_COMPATIBILITY_VERSION = 1;
				DYLIB_CURRENT_VERSION = 1;
				DYLIB_INSTALL_NAME_BASE = "@rpath";
				INFOPLIST_FILE = EthanolUIExtensions/Info.plist;
				INSTALL_PATH = "$(LOCAL_LIBRARY_DIR)/Frameworks";
				LD_RUNPATH_SEARCH_PATHS = "$(inherited) @executable_path/Frameworks @loader_path/Frameworks";
				PRODUCT_BUNDLE_IDENTIFIER = com.Fueled.EthanolUIExtensions;
				PRODUCT_NAME = "$(TARGET_NAME)";
				SKIP_INSTALL = YES;
				SWIFT_OPTIMIZATION_LEVEL = "-Onone";
				SWIFT_VERSION = 3.0;
			};
			name = Debug;
		};
		3205E2A01B7DCBBB000E14FA /* Release */ = {
			isa = XCBuildConfiguration;
			buildSettings = {
				CLANG_ENABLE_MODULES = YES;
				"CODE_SIGN_IDENTITY[sdk=iphoneos*]" = "";
				DEFINES_MODULE = YES;
				DEVELOPMENT_TEAM = "";
				DYLIB_COMPATIBILITY_VERSION = 1;
				DYLIB_CURRENT_VERSION = 1;
				DYLIB_INSTALL_NAME_BASE = "@rpath";
				INFOPLIST_FILE = EthanolUIExtensions/Info.plist;
				INSTALL_PATH = "$(LOCAL_LIBRARY_DIR)/Frameworks";
				LD_RUNPATH_SEARCH_PATHS = "$(inherited) @executable_path/Frameworks @loader_path/Frameworks";
				PRODUCT_BUNDLE_IDENTIFIER = com.Fueled.EthanolUIExtensions;
				PRODUCT_NAME = "$(TARGET_NAME)";
				SKIP_INSTALL = YES;
				SWIFT_VERSION = 3.0;
			};
			name = Release;
		};
		3205E2A21B7DCBBB000E14FA /* Debug */ = {
			isa = XCBuildConfiguration;
			buildSettings = {
				DEVELOPMENT_TEAM = 2GVJ6JS822;
				INFOPLIST_FILE = EthanolUIExtensionsTests/Info.plist;
				LD_RUNPATH_SEARCH_PATHS = "$(inherited) @executable_path/Frameworks @loader_path/Frameworks";
				PRODUCT_BUNDLE_IDENTIFIER = com.Fueled.EthanolUIExtensionsTests;
				PRODUCT_NAME = "$(TARGET_NAME)";
				SWIFT_VERSION = 3.0;
			};
			name = Debug;
		};
		3205E2A31B7DCBBB000E14FA /* Release */ = {
			isa = XCBuildConfiguration;
			buildSettings = {
				DEVELOPMENT_TEAM = 2GVJ6JS822;
				INFOPLIST_FILE = EthanolUIExtensionsTests/Info.plist;
				LD_RUNPATH_SEARCH_PATHS = "$(inherited) @executable_path/Frameworks @loader_path/Frameworks";
				PRODUCT_BUNDLE_IDENTIFIER = com.Fueled.EthanolUIExtensionsTests;
				PRODUCT_NAME = "$(TARGET_NAME)";
				SWIFT_VERSION = 3.0;
			};
			name = Release;
		};
/* End XCBuildConfiguration section */

/* Begin XCConfigurationList section */
		3205E2841B7DCBBB000E14FA /* Build configuration list for PBXProject "EthanolUIExtensions" */ = {
			isa = XCConfigurationList;
			buildConfigurations = (
				3205E29C1B7DCBBB000E14FA /* Debug */,
				3205E29D1B7DCBBB000E14FA /* Release */,
			);
			defaultConfigurationIsVisible = 0;
			defaultConfigurationName = Release;
		};
		3205E29E1B7DCBBB000E14FA /* Build configuration list for PBXNativeTarget "EthanolUIExtensions" */ = {
			isa = XCConfigurationList;
			buildConfigurations = (
				3205E29F1B7DCBBB000E14FA /* Debug */,
				3205E2A01B7DCBBB000E14FA /* Release */,
			);
			defaultConfigurationIsVisible = 0;
			defaultConfigurationName = Release;
		};
		3205E2A11B7DCBBB000E14FA /* Build configuration list for PBXNativeTarget "EthanolUIExtensionsTests" */ = {
			isa = XCConfigurationList;
			buildConfigurations = (
				3205E2A21B7DCBBB000E14FA /* Debug */,
				3205E2A31B7DCBBB000E14FA /* Release */,
			);
			defaultConfigurationIsVisible = 0;
			defaultConfigurationName = Release;
		};
/* End XCConfigurationList section */
	};
	rootObject = 3205E2811B7DCBBB000E14FA /* Project object */;
}
